// !$*UTF8*$!
{
	archiveVersion = 1;
	classes = {
	};
	objectVersion = 46;
	objects = {

/* Begin PBXBuildFile section */
		8E57D1CB1772C7C40020515F /* UIKit.framework in Frameworks */ = {isa = PBXBuildFile; fileRef = 8E57D1CA1772C7C40020515F /* UIKit.framework */; };
		8E57D1CD1772C7C40020515F /* Foundation.framework in Frameworks */ = {isa = PBXBuildFile; fileRef = 8E57D1CC1772C7C40020515F /* Foundation.framework */; };
		8E57D1CF1772C7C40020515F /* CoreGraphics.framework in Frameworks */ = {isa = PBXBuildFile; fileRef = 8E57D1CE1772C7C40020515F /* CoreGraphics.framework */; };
		8E57D1D51772C7C40020515F /* InfoPlist.strings in Resources */ = {isa = PBXBuildFile; fileRef = 8E57D1D31772C7C40020515F /* InfoPlist.strings */; };
		8E57D1D71772C7C40020515F /* main.m in Sources */ = {isa = PBXBuildFile; fileRef = 8E57D1D61772C7C40020515F /* main.m */; };
		8E57D1DB1772C7C40020515F /* AppDelegate.m in Sources */ = {isa = PBXBuildFile; fileRef = 8E57D1DA1772C7C40020515F /* AppDelegate.m */; };
		8E57D1DD1772C7C40020515F /* Default.png in Resources */ = {isa = PBXBuildFile; fileRef = 8E57D1DC1772C7C40020515F /* Default.png */; };
		8E57D1DF1772C7C40020515F /* Default@2x.png in Resources */ = {isa = PBXBuildFile; fileRef = 8E57D1DE1772C7C40020515F /* Default@2x.png */; };
		8E57D1E11772C7C40020515F /* Default-568h@2x.png in Resources */ = {isa = PBXBuildFile; fileRef = 8E57D1E01772C7C40020515F /* Default-568h@2x.png */; };
		8E57D1E41772C7C40020515F /* ViewController.m in Sources */ = {isa = PBXBuildFile; fileRef = 8E57D1E31772C7C40020515F /* ViewController.m */; };
		8E57D1E71772C7C40020515F /* ViewController.xib in Resources */ = {isa = PBXBuildFile; fileRef = 8E57D1E51772C7C40020515F /* ViewController.xib */; };
		8E57D1EE1772C81B0020515F /* demodata.plist in Resources */ = {isa = PBXBuildFile; fileRef = 8E57D1ED1772C81B0020515F /* demodata.plist */; };
		8E57D1F71772CD9E0020515F /* beyond.png in Resources */ = {isa = PBXBuildFile; fileRef = 8E57D1F01772CD9E0020515F /* beyond.png */; };
		8E57D1F81772CD9E0020515F /* 张学友.png in Resources */ = {isa = PBXBuildFile; fileRef = 8E57D1F11772CD9E0020515F /* 张学友.png */; };
		8E57D1F91772CD9E0020515F /* 林夕.png in Resources */ = {isa = PBXBuildFile; fileRef = 8E57D1F21772CD9E0020515F /* 林夕.png */; };
		8E57D1FA1772CD9E0020515F /* 王力宏.png in Resources */ = {isa = PBXBuildFile; fileRef = 8E57D1F31772CD9E0020515F /* 王力宏.png */; };
		8E57D1FB1772CD9E0020515F /* 王菲.png in Resources */ = {isa = PBXBuildFile; fileRef = 8E57D1F41772CD9E0020515F /* 王菲.png */; };
		8E57D1FC1772CD9E0020515F /* 陈奕迅.png in Resources */ = {isa = PBXBuildFile; fileRef = 8E57D1F51772CD9E0020515F /* 陈奕迅.png */; };
		8E57D1FD1772CD9E0020515F /* 黄伟文.png in Resources */ = {isa = PBXBuildFile; fileRef = 8E57D1F61772CD9E0020515F /* 黄伟文.png */; };
		8E57D2011772D00A0020515F /* 五月天.png in Resources */ = {isa = PBXBuildFile; fileRef = 8E57D1FE1772D00A0020515F /* 五月天.png */; };
		8E57D2021772D00A0020515F /* 杨千嬅.png in Resources */ = {isa = PBXBuildFile; fileRef = 8E57D1FF1772D00A0020515F /* 杨千嬅.png */; };
		8E57D2031772D00A0020515F /* 何韵诗.png in Resources */ = {isa = PBXBuildFile; fileRef = 8E57D2001772D00A0020515F /* 何韵诗.png */; };
		8E57D2061772D1890020515F /* icon.png in Resources */ = {isa = PBXBuildFile; fileRef = 8E57D2041772D1890020515F /* icon.png */; };
		8E57D2071772D1890020515F /* icon@2x.png in Resources */ = {isa = PBXBuildFile; fileRef = 8E57D2051772D1890020515F /* icon@2x.png */; };
		8E57D20E1772D3040020515F /* cart_full_show.png in Resources */ = {isa = PBXBuildFile; fileRef = 8E57D20A1772D3040020515F /* cart_full_show.png */; };
		8E57D20F1772D3040020515F /* cart_full_show@2x.png in Resources */ = {isa = PBXBuildFile; fileRef = 8E57D20B1772D3040020515F /* cart_full_show@2x.png */; };
		8E57D2121772D3300020515F /* cart_empty.png in Resources */ = {isa = PBXBuildFile; fileRef = 8E57D2101772D3300020515F /* cart_empty.png */; };
		8E57D2131772D3300020515F /* cart_empty@2x.png in Resources */ = {isa = PBXBuildFile; fileRef = 8E57D2111772D3300020515F /* cart_empty@2x.png */; };
		8E57D2191772D3CF0020515F /* UIGlossyButton.m in Sources */ = {isa = PBXBuildFile; fileRef = 8E57D2161772D3CF0020515F /* UIGlossyButton.m */; };
		8E57D21A1772D3CF0020515F /* UIView+LayerEffects.m in Sources */ = {isa = PBXBuildFile; fileRef = 8E57D2181772D3CF0020515F /* UIView+LayerEffects.m */; };
		8E57D21C1772D6480020515F /* QuartzCore.framework in Frameworks */ = {isa = PBXBuildFile; fileRef = 8E57D21B1772D6480020515F /* QuartzCore.framework */; };
/* End PBXBuildFile section */

/* Begin PBXFileReference section */
		8E57D1C71772C7C40020515F /* AddShopCar demo.app */ = {isa = PBXFileReference; explicitFileType = wrapper.application; includeInIndex = 0; path = "AddShopCar demo.app"; sourceTree = BUILT_PRODUCTS_DIR; };
		8E57D1CA1772C7C40020515F /* UIKit.framework */ = {isa = PBXFileReference; lastKnownFileType = wrapper.framework; name = UIKit.framework; path = System/Library/Frameworks/UIKit.framework; sourceTree = SDKROOT; };
		8E57D1CC1772C7C40020515F /* Foundation.framework */ = {isa = PBXFileReference; lastKnownFileType = wrapper.framework; name = Foundation.framework; path = System/Library/Frameworks/Foundation.framework; sourceTree = SDKROOT; };
		8E57D1CE1772C7C40020515F /* CoreGraphics.framework */ = {isa = PBXFileReference; lastKnownFileType = wrapper.framework; name = CoreGraphics.framework; path = System/Library/Frameworks/CoreGraphics.framework; sourceTree = SDKROOT; };
		8E57D1D21772C7C40020515F /* AddShopCar demo-Info.plist */ = {isa = PBXFileReference; lastKnownFileType = text.plist.xml; path = "AddShopCar demo-Info.plist"; sourceTree = "<group>"; };
		8E57D1D41772C7C40020515F /* en */ = {isa = PBXFileReference; lastKnownFileType = text.plist.strings; name = en; path = en.lproj/InfoPlist.strings; sourceTree = "<group>"; };
		8E57D1D61772C7C40020515F /* main.m */ = {isa = PBXFileReference; lastKnownFileType = sourcecode.c.objc; path = main.m; sourceTree = "<group>"; };
		8E57D1D81772C7C40020515F /* AddShopCar demo-Prefix.pch */ = {isa = PBXFileReference; lastKnownFileType = sourcecode.c.h; path = "AddShopCar demo-Prefix.pch"; sourceTree = "<group>"; };
		8E57D1D91772C7C40020515F /* AppDelegate.h */ = {isa = PBXFileReference; lastKnownFileType = sourcecode.c.h; path = AppDelegate.h; sourceTree = "<group>"; };
		8E57D1DA1772C7C40020515F /* AppDelegate.m */ = {isa = PBXFileReference; lastKnownFileType = sourcecode.c.objc; path = AppDelegate.m; sourceTree = "<group>"; };
		8E57D1DC1772C7C40020515F /* Default.png */ = {isa = PBXFileReference; lastKnownFileType = image.png; path = Default.png; sourceTree = "<group>"; };
		8E57D1DE1772C7C40020515F /* Default@2x.png */ = {isa = PBXFileReference; lastKnownFileType = image.png; path = "Default@2x.png"; sourceTree = "<group>"; };
		8E57D1E01772C7C40020515F /* Default-568h@2x.png */ = {isa = PBXFileReference; lastKnownFileType = image.png; path = "Default-568h@2x.png"; sourceTree = "<group>"; };
		8E57D1E21772C7C40020515F /* ViewController.h */ = {isa = PBXFileReference; lastKnownFileType = sourcecode.c.h; path = ViewController.h; sourceTree = "<group>"; };
		8E57D1E31772C7C40020515F /* ViewController.m */ = {isa = PBXFileReference; lastKnownFileType = sourcecode.c.objc; path = ViewController.m; sourceTree = "<group>"; };
		8E57D1E61772C7C40020515F /* en */ = {isa = PBXFileReference; lastKnownFileType = file.xib; name = en; path = en.lproj/ViewController.xib; sourceTree = "<group>"; };
		8E57D1ED1772C81B0020515F /* demodata.plist */ = {isa = PBXFileReference; fileEncoding = 4; lastKnownFileType = text.plist.xml; path = demodata.plist; sourceTree = "<group>"; };
		8E57D1F01772CD9E0020515F /* beyond.png */ = {isa = PBXFileReference; lastKnownFileType = image.png; path = beyond.png; sourceTree = "<group>"; };
		8E57D1F11772CD9E0020515F /* 张学友.png */ = {isa = PBXFileReference; lastKnownFileType = image.png; path = "张学友.png"; sourceTree = "<group>"; };
		8E57D1F21772CD9E0020515F /* 林夕.png */ = {isa = PBXFileReference; lastKnownFileType = image.png; path = "林夕.png"; sourceTree = "<group>"; };
		8E57D1F31772CD9E0020515F /* 王力宏.png */ = {isa = PBXFileReference; lastKnownFileType = image.png; path = "王力宏.png"; sourceTree = "<group>"; };
		8E57D1F41772CD9E0020515F /* 王菲.png */ = {isa = PBXFileReference; lastKnownFileType = image.png; path = "王菲.png"; sourceTree = "<group>"; };
		8E57D1F51772CD9E0020515F /* 陈奕迅.png */ = {isa = PBXFileReference; lastKnownFileType = image.png; path = "陈奕迅.png"; sourceTree = "<group>"; };
		8E57D1F61772CD9E0020515F /* 黄伟文.png */ = {isa = PBXFileReference; lastKnownFileType = image.png; path = "黄伟文.png"; sourceTree = "<group>"; };
		8E57D1FE1772D00A0020515F /* 五月天.png */ = {isa = PBXFileReference; lastKnownFileType = image.png; path = "五月天.png"; sourceTree = "<group>"; };
		8E57D1FF1772D00A0020515F /* 杨千嬅.png */ = {isa = PBXFileReference; lastKnownFileType = image.png; path = "杨千嬅.png"; sourceTree = "<group>"; };
		8E57D2001772D00A0020515F /* 何韵诗.png */ = {isa = PBXFileReference; lastKnownFileType = image.png; path = "何韵诗.png"; sourceTree = "<group>"; };
		8E57D2041772D1890020515F /* icon.png */ = {isa = PBXFileReference; lastKnownFileType = image.png; path = icon.png; sourceTree = "<group>"; };
		8E57D2051772D1890020515F /* icon@2x.png */ = {isa = PBXFileReference; lastKnownFileType = image.png; path = "icon@2x.png"; sourceTree = "<group>"; };
		8E57D20A1772D3040020515F /* cart_full_show.png */ = {isa = PBXFileReference; lastKnownFileType = image.png; path = cart_full_show.png; sourceTree = "<group>"; };
		8E57D20B1772D3040020515F /* cart_full_show@2x.png */ = {isa = PBXFileReference; lastKnownFileType = image.png; path = "cart_full_show@2x.png"; sourceTree = "<group>"; };
		8E57D2101772D3300020515F /* cart_empty.png */ = {isa = PBXFileReference; lastKnownFileType = image.png; path = cart_empty.png; sourceTree = "<group>"; };
		8E57D2111772D3300020515F /* cart_empty@2x.png */ = {isa = PBXFileReference; lastKnownFileType = image.png; path = "cart_empty@2x.png"; sourceTree = "<group>"; };
		8E57D2151772D3CF0020515F /* UIGlossyButton.h */ = {isa = PBXFileReference; fileEncoding = 4; lastKnownFileType = sourcecode.c.h; path = UIGlossyButton.h; sourceTree = "<group>"; };
		8E57D2161772D3CF0020515F /* UIGlossyButton.m */ = {isa = PBXFileReference; fileEncoding = 4; lastKnownFileType = sourcecode.c.objc; path = UIGlossyButton.m; sourceTree = "<group>"; };
		8E57D2171772D3CF0020515F /* UIView+LayerEffects.h */ = {isa = PBXFileReference; fileEncoding = 4; lastKnownFileType = sourcecode.c.h; path = "UIView+LayerEffects.h"; sourceTree = "<group>"; };
		8E57D2181772D3CF0020515F /* UIView+LayerEffects.m */ = {isa = PBXFileReference; fileEncoding = 4; lastKnownFileType = sourcecode.c.objc; path = "UIView+LayerEffects.m"; sourceTree = "<group>"; };
		8E57D21B1772D6480020515F /* QuartzCore.framework */ = {isa = PBXFileReference; lastKnownFileType = wrapper.framework; name = QuartzCore.framework; path = System/Library/Frameworks/QuartzCore.framework; sourceTree = SDKROOT; };
/* End PBXFileReference section */

/* Begin PBXFrameworksBuildPhase section */
		8E57D1C41772C7C40020515F /* Frameworks */ = {
			isa = PBXFrameworksBuildPhase;
			buildActionMask = 2147483647;
			files = (
				8E57D21C1772D6480020515F /* QuartzCore.framework in Frameworks */,
				8E57D1CB1772C7C40020515F /* UIKit.framework in Frameworks */,
				8E57D1CD1772C7C40020515F /* Foundation.framework in Frameworks */,
				8E57D1CF1772C7C40020515F /* CoreGraphics.framework in Frameworks */,
			);
			runOnlyForDeploymentPostprocessing = 0;
		};
/* End PBXFrameworksBuildPhase section */

/* Begin PBXGroup section */
		8E57D1BE1772C7C40020515F = {
			isa = PBXGroup;
			children = (
				8E57D1D01772C7C40020515F /* AddShopCar demo */,
				8E57D1C91772C7C40020515F /* Frameworks */,
				8E57D1C81772C7C40020515F /* Products */,
			);
			sourceTree = "<group>";
		};
		8E57D1C81772C7C40020515F /* Products */ = {
			isa = PBXGroup;
			children = (
				8E57D1C71772C7C40020515F /* AddShopCar demo.app */,
			);
			name = Products;
			sourceTree = "<group>";
		};
		8E57D1C91772C7C40020515F /* Frameworks */ = {
			isa = PBXGroup;
			children = (
				8E57D21B1772D6480020515F /* QuartzCore.framework */,
				8E57D1CA1772C7C40020515F /* UIKit.framework */,
				8E57D1CC1772C7C40020515F /* Foundation.framework */,
				8E57D1CE1772C7C40020515F /* CoreGraphics.framework */,
			);
			name = Frameworks;
			sourceTree = "<group>";
		};
		8E57D1D01772C7C40020515F /* AddShopCar demo */ = {
			isa = PBXGroup;
			children = (
				8E57D1D91772C7C40020515F /* AppDelegate.h */,
				8E57D1DA1772C7C40020515F /* AppDelegate.m */,
				8E57D1E21772C7C40020515F /* ViewController.h */,
				8E57D1E31772C7C40020515F /* ViewController.m */,
				8E57D1E51772C7C40020515F /* ViewController.xib */,
				8E57D1D11772C7C40020515F /* Supporting Files */,
			);
			path = "AddShopCar demo";
			sourceTree = "<group>";
		};
		8E57D1D11772C7C40020515F /* Supporting Files */ = {
			isa = PBXGroup;
			children = (
				8E57D2141772D3CF0020515F /* UIGlossyButton */,
				8E57D1EF1772CD9E0020515F /* images */,
				8E57D1D21772C7C40020515F /* AddShopCar demo-Info.plist */,
				8E57D1D31772C7C40020515F /* InfoPlist.strings */,
				8E57D1D61772C7C40020515F /* main.m */,
				8E57D1D81772C7C40020515F /* AddShopCar demo-Prefix.pch */,
				8E57D1DC1772C7C40020515F /* Default.png */,
				8E57D1DE1772C7C40020515F /* Default@2x.png */,
				8E57D1E01772C7C40020515F /* Default-568h@2x.png */,
				8E57D1ED1772C81B0020515F /* demodata.plist */,
			);
			name = "Supporting Files";
			sourceTree = "<group>";
		};
		8E57D1EF1772CD9E0020515F /* images */ = {
			isa = PBXGroup;
			children = (
				8E57D2101772D3300020515F /* cart_empty.png */,
				8E57D2111772D3300020515F /* cart_empty@2x.png */,
				8E57D20A1772D3040020515F /* cart_full_show.png */,
				8E57D20B1772D3040020515F /* cart_full_show@2x.png */,
				8E57D2041772D1890020515F /* icon.png */,
				8E57D2051772D1890020515F /* icon@2x.png */,
				8E57D1FE1772D00A0020515F /* 五月天.png */,
				8E57D1FF1772D00A0020515F /* 杨千嬅.png */,
				8E57D2001772D00A0020515F /* 何韵诗.png */,
				8E57D1F01772CD9E0020515F /* beyond.png */,
				8E57D1F11772CD9E0020515F /* 张学友.png */,
				8E57D1F21772CD9E0020515F /* 林夕.png */,
				8E57D1F31772CD9E0020515F /* 王力宏.png */,
				8E57D1F41772CD9E0020515F /* 王菲.png */,
				8E57D1F51772CD9E0020515F /* 陈奕迅.png */,
				8E57D1F61772CD9E0020515F /* 黄伟文.png */,
			);
			path = images;
			sourceTree = "<group>";
		};
		8E57D2141772D3CF0020515F /* UIGlossyButton */ = {
			isa = PBXGroup;
			children = (
				8E57D2151772D3CF0020515F /* UIGlossyButton.h */,
				8E57D2161772D3CF0020515F /* UIGlossyButton.m */,
				8E57D2171772D3CF0020515F /* UIView+LayerEffects.h */,
				8E57D2181772D3CF0020515F /* UIView+LayerEffects.m */,
			);
			path = UIGlossyButton;
			sourceTree = "<group>";
		};
/* End PBXGroup section */

/* Begin PBXNativeTarget section */
		8E57D1C61772C7C40020515F /* AddShopCar demo */ = {
			isa = PBXNativeTarget;
			buildConfigurationList = 8E57D1EA1772C7C40020515F /* Build configuration list for PBXNativeTarget "AddShopCar demo" */;
			buildPhases = (
				8E57D1C31772C7C40020515F /* Sources */,
				8E57D1C41772C7C40020515F /* Frameworks */,
				8E57D1C51772C7C40020515F /* Resources */,
			);
			buildRules = (
			);
			dependencies = (
			);
			name = "AddShopCar demo";
			productName = "AddShopCar demo";
			productReference = 8E57D1C71772C7C40020515F /* AddShopCar demo.app */;
			productType = "com.apple.product-type.application";
		};
/* End PBXNativeTarget section */

/* Begin PBXProject section */
		8E57D1BF1772C7C40020515F /* Project object */ = {
			isa = PBXProject;
			attributes = {
				LastUpgradeCheck = 0460;
				ORGANIZATIONNAME = lkk;
			};
			buildConfigurationList = 8E57D1C21772C7C40020515F /* Build configuration list for PBXProject "AddShopCar demo" */;
			compatibilityVersion = "Xcode 3.2";
			developmentRegion = English;
			hasScannedForEncodings = 0;
			knownRegions = (
				en,
			);
			mainGroup = 8E57D1BE1772C7C40020515F;
			productRefGroup = 8E57D1C81772C7C40020515F /* Products */;
			projectDirPath = "";
			projectRoot = "";
			targets = (
				8E57D1C61772C7C40020515F /* AddShopCar demo */,
			);
		};
/* End PBXProject section */

/* Begin PBXResourcesBuildPhase section */
		8E57D1C51772C7C40020515F /* Resources */ = {
			isa = PBXResourcesBuildPhase;
			buildActionMask = 2147483647;
			files = (
				8E57D1D51772C7C40020515F /* InfoPlist.strings in Resources */,
				8E57D1DD1772C7C40020515F /* Default.png in Resources */,
				8E57D1DF1772C7C40020515F /* Default@2x.png in Resources */,
				8E57D1E11772C7C40020515F /* Default-568h@2x.png in Resources */,
				8E57D1E71772C7C40020515F /* ViewController.xib in Resources */,
				8E57D1EE1772C81B0020515F /* demodata.plist in Resources */,
				8E57D1F71772CD9E0020515F /* beyond.png in Resources */,
				8E57D1F81772CD9E0020515F /* 张学友.png in Resources */,
				8E57D1F91772CD9E0020515F /* 林夕.png in Resources */,
				8E57D1FA1772CD9E0020515F /* 王力宏.png in Resources */,
				8E57D1FB1772CD9E0020515F /* 王菲.png in Resources */,
				8E57D1FC1772CD9E0020515F /* 陈奕迅.png in Resources */,
				8E57D1FD1772CD9E0020515F /* 黄伟文.png in Resources */,
				8E57D2011772D00A0020515F /* 五月天.png in Resources */,
				8E57D2021772D00A0020515F /* 杨千嬅.png in Resources */,
				8E57D2031772D00A0020515F /* 何韵诗.png in Resources */,
				8E57D2061772D1890020515F /* icon.png in Resources */,
				8E57D2071772D1890020515F /* icon@2x.png in Resources */,
				8E57D20E1772D3040020515F /* cart_full_show.png in Resources */,
				8E57D20F1772D3040020515F /* cart_full_show@2x.png in Resources */,
				8E57D2121772D3300020515F /* cart_empty.png in Resources */,
				8E57D2131772D3300020515F /* cart_empty@2x.png in Resources */,
			);
			runOnlyForDeploymentPostprocessing = 0;
		};
/* End PBXResourcesBuildPhase section */

/* Begin PBXSourcesBuildPhase section */
		8E57D1C31772C7C40020515F /* Sources */ = {
			isa = PBXSourcesBuildPhase;
			buildActionMask = 2147483647;
			files = (
				8E57D1D71772C7C40020515F /* main.m in Sources */,
				8E57D1DB1772C7C40020515F /* AppDelegate.m in Sources */,
				8E57D1E41772C7C40020515F /* ViewController.m in Sources */,
				8E57D2191772D3CF0020515F /* UIGlossyButton.m in Sources */,
				8E57D21A1772D3CF0020515F /* UIView+LayerEffects.m in Sources */,
			);
			runOnlyForDeploymentPostprocessing = 0;
		};
/* End PBXSourcesBuildPhase section */

/* Begin PBXVariantGroup section */
		8E57D1D31772C7C40020515F /* InfoPlist.strings */ = {
			isa = PBXVariantGroup;
			children = (
				8E57D1D41772C7C40020515F /* en */,
			);
			name = InfoPlist.strings;
			sourceTree = "<group>";
		};
		8E57D1E51772C7C40020515F /* ViewController.xib */ = {
			isa = PBXVariantGroup;
			children = (
				8E57D1E61772C7C40020515F /* en */,
			);
			name = ViewController.xib;
			sourceTree = "<group>";
		};
/* End PBXVariantGroup section */

/* Begin XCBuildConfiguration section */
		8E57D1E81772C7C40020515F /* Debug */ = {
			isa = XCBuildConfiguration;
			buildSettings = {
				ALWAYS_SEARCH_USER_PATHS = NO;
				CLANG_CXX_LANGUAGE_STANDARD = "gnu++0x";
				CLANG_CXX_LIBRARY = "libc++";
				CLANG_ENABLE_OBJC_ARC = YES;
				CLANG_WARN_CONSTANT_CONVERSION = YES;
				CLANG_WARN_EMPTY_BODY = YES;
				CLANG_WARN_ENUM_CONVERSION = YES;
				CLANG_WARN_INT_CONVERSION = YES;
				CLANG_WARN__DUPLICATE_METHOD_MATCH = YES;
				"CODE_SIGN_IDENTITY[sdk=iphoneos*]" = "iPhone Developer";
				COPY_PHASE_STRIP = NO;
				GCC_C_LANGUAGE_STANDARD = gnu99;
				GCC_DYNAMIC_NO_PIC = NO;
				GCC_OPTIMIZATION_LEVEL = 0;
				GCC_PREPROCESSOR_DEFINITIONS = (
					"DEBUG=1",
					"$(inherited)",
				);
				GCC_SYMBOLS_PRIVATE_EXTERN = NO;
				GCC_WARN_ABOUT_RETURN_TYPE = YES;
				GCC_WARN_UNINITIALIZED_AUTOS = YES;
				GCC_WARN_UNUSED_VARIABLE = YES;
				IPHONEOS_DEPLOYMENT_TARGET = 6.1;
				ONLY_ACTIVE_ARCH = YES;
				SDKROOT = iphoneos;
			};
			name = Debug;
		};
		8E57D1E91772C7C40020515F /* Release */ = {
			isa = XCBuildConfiguration;
			buildSettings = {
				ALWAYS_SEARCH_USER_PATHS = NO;
				CLANG_CXX_LANGUAGE_STANDARD = "gnu++0x";
				CLANG_CXX_LIBRARY = "libc++";
				CLANG_ENABLE_OBJC_ARC = YES;
				CLANG_WARN_CONSTANT_CONVERSION = YES;
				CLANG_WARN_EMPTY_BODY = YES;
				CLANG_WARN_ENUM_CONVERSION = YES;
				CLANG_WARN_INT_CONVERSION = YES;
				CLANG_WARN__DUPLICATE_METHOD_MATCH = YES;
				"CODE_SIGN_IDENTITY[sdk=iphoneos*]" = "iPhone Developer";
				COPY_PHASE_STRIP = YES;
				GCC_C_LANGUAGE_STANDARD = gnu99;
				GCC_WARN_ABOUT_RETURN_TYPE = YES;
				GCC_WARN_UNINITIALIZED_AUTOS = YES;
				GCC_WARN_UNUSED_VARIABLE = YES;
				IPHONEOS_DEPLOYMENT_TARGET = 6.1;
				OTHER_CFLAGS = "-DNS_BLOCK_ASSERTIONS=1";
				SDKROOT = iphoneos;
				VALIDATE_PRODUCT = YES;
			};
			name = Release;
		};
		8E57D1EB1772C7C40020515F /* Debug */ = {
			isa = XCBuildConfiguration;
			buildSettings = {
				GCC_PRECOMPILE_PREFIX_HEADER = YES;
				GCC_PREFIX_HEADER = "AddShopCar demo/AddShopCar demo-Prefix.pch";
				INFOPLIST_FILE = "AddShopCar demo/AddShopCar demo-Info.plist";
				IPHONEOS_DEPLOYMENT_TARGET = 5.0;
				PRODUCT_NAME = "$(TARGET_NAME)";
				WRAPPER_EXTENSION = app;
			};
			name = Debug;
		};
		8E57D1EC1772C7C40020515F /* Release */ = {
			isa = XCBuildConfiguration;
			buildSettings = {
				GCC_PRECOMPILE_PREFIX_HEADER = YES;
				GCC_PREFIX_HEADER = "AddShopCar demo/AddShopCar demo-Prefix.pch";
				INFOPLIST_FILE = "AddShopCar demo/AddShopCar demo-Info.plist";
				IPHONEOS_DEPLOYMENT_TARGET = 5.0;
				PRODUCT_NAME = "$(TARGET_NAME)";
				WRAPPER_EXTENSION = app;
			};
			name = Release;
		};
/* End XCBuildConfiguration section */

/* Begin XCConfigurationList section */
		8E57D1C21772C7C40020515F /* Build configuration list for PBXProject "AddShopCar demo" */ = {
			isa = XCConfigurationList;
			buildConfigurations = (
				8E57D1E81772C7C40020515F /* Debug */,
				8E57D1E91772C7C40020515F /* Release */,
			);
			defaultConfigurationIsVisible = 0;
			defaultConfigurationName = Release;
		};
		8E57D1EA1772C7C40020515F /* Build configuration list for PBXNativeTarget "AddShopCar demo" */ = {
			isa = XCConfigurationList;
			buildConfigurations = (
				8E57D1EB1772C7C40020515F /* Debug */,
				8E57D1EC1772C7C40020515F /* Release */,
			);
			defaultConfigurationIsVisible = 0;
			defaultConfigurationName = Release;
		};
/* End XCConfigurationList section */
	};
	rootObject = 8E57D1BF1772C7C40020515F /* Project object */;
}
